{
  "nodes": {
    "nixpkgs": {
      "locked": {
        "lastModified": 1714272655,
        "narHash": "sha256-3/ghIWCve93ngkx5eNPdHIKJP/pMzSr5Wc4rNKE1wOc=",
        "owner": "NixOS",
        "repo": "nixpkgs",
        "rev": "12430e43bd9b81a6b4e79e64f87c624ade701eaf",
        "type": "github"
      },
      "original": {
        "owner": "NixOS",
        "ref": "nixos-23.11",
        "repo": "nixpkgs",
        "type": "github"
      }
    },
    "nixpkgs-godot": {
      "locked": {
        "lastModified": 1714353652,
        "narHash": "sha256-ZXKOGmiLZUowaO8WtYdLnHM7wdhh4LyFxhd3MJvQXaw=",
        "owner": "ilikefrogs101",
        "repo": "nixpkgs",
        "rev": "054b988b2c200c13778a12ce40ff66e40dfacd6c",
        "type": "github"
      },
      "original": {
        "owner": "ilikefrogs101",
        "ref": "Godot-4.2.2",
        "repo": "nixpkgs",
        "type": "github"
      }
    },
    "root": {
      "inputs": {
        "nixpkgs": "nixpkgs",
        "nixpkgs-godot": "nixpkgs-godot"
      }
    }
  },
  "root": "root",
  "version": 7
}
