Microsoft Visual Studio Solution File, Format Version 12.00
# Visual Studio Version 16
VisualStudioVersion = 16.0.30204.135
MinimumVisualStudioVersion = 10.0.40219.1
Project("{FAE04EC0-301F-11D3-BF4B-00C04F79EFBC}") = "Thrive", "Thrive.csproj", "{D38E3F51-1E8C-4F32-99B2-641320B0AC3C}"
EndProject
Global
	GlobalSection(SolutionConfigurationPlatforms) = preSolution
		Debug|Any CPU = Debug|Any CPU
		Release|Any CPU = Release|Any CPU
		Tools|Any CPU = Tools|Any CPU
	EndGlobalSection
	GlobalSection(ProjectConfigurationPlatforms) = postSolution
		{D38E3F51-1E8C-4F32-99B2-641320B0AC3C}.Debug|Any CPU.ActiveCfg = Debug|Any CPU
		{D38E3F51-1E8C-4F32-99B2-641320B0AC3C}.Debug|Any CPU.Build.0 = Debug|Any CPU
		{D38E3F51-1E8C-4F32-99B2-641320B0AC3C}.Release|Any CPU.ActiveCfg = Release|Any CPU
		{D38E3F51-1E8C-4F32-99B2-641320B0AC3C}.Release|Any CPU.Build.0 = Release|Any CPU
		{D38E3F51-1E8C-4F32-99B2-641320B0AC3C}.Tools|Any CPU.ActiveCfg = Tools|Any CPU
		{D38E3F51-1E8C-4F32-99B2-641320B0AC3C}.Tools|Any CPU.Build.0 = Tools|Any CPU
	EndGlobalSection
	GlobalSection(SolutionProperties) = preSolution
		HideSolutionNode = FALSE
	EndGlobalSection
	GlobalSection(ExtensibilityGlobals) = postSolution
		SolutionGuid = {9807D655-6829-4713-BB18-A7261F493B0D}
	EndGlobalSection
	GlobalSection(MonoDevelopProperties) = preSolution
		Policies = $0
		$0.DotNetNamingPolicy = $1
		$0.TextStylePolicy = $5
		$2.inheritsSet = null
		$2.scope = text/x-csharp
		$0.CSharpFormattingPolicy = $3
		$3.NewLineForMembersInObjectInit = False
		$3.NewLineForMembersInAnonymousTypes = False
		$3.NewLineForClausesInQuery = False
		$3.scope = text/x-csharp
		$4.TabsToSpaces = True
		$4.NoTabsAfterNonTabs = True
		$4.scope = text/plain
		$5.inheritsSet = null
		$5.scope = application/json
		$0.StandardHeader = $6
		$6.IncludeInNewFiles = False
	EndGlobalSection
EndGlobal
